// !$*UTF8*$!
{
	archiveVersion = 1;
	classes = {
	};
	objectVersion = 55;
	objects = {

/* Begin PBXBuildFile section */
		4C309FEF2867D41D00C3EA32 /* Aman_Covid_TrackerApp.swift in Sources */ = {isa = PBXBuildFile; fileRef = 4C309FEE2867D41D00C3EA32 /* Aman_Covid_TrackerApp.swift */; };
		4C309FF12867D41D00C3EA32 /* HomeView.swift in Sources */ = {isa = PBXBuildFile; fileRef = 4C309FF02867D41D00C3EA32 /* HomeView.swift */; };
		4C309FF32867D41F00C3EA32 /* Assets.xcassets in Resources */ = {isa = PBXBuildFile; fileRef = 4C309FF22867D41F00C3EA32 /* Assets.xcassets */; };
		4C309FF62867D41F00C3EA32 /* Preview Assets.xcassets in Resources */ = {isa = PBXBuildFile; fileRef = 4C309FF52867D41F00C3EA32 /* Preview Assets.xcassets */; };
		4C309FFF2867D46900C3EA32 /* CovidDataViewModel.swift in Sources */ = {isa = PBXBuildFile; fileRef = 4C309FFE2867D46900C3EA32 /* CovidDataViewModel.swift */; };
		4C30A0022867D74000C3EA32 /* OnBoardingView.swift in Sources */ = {isa = PBXBuildFile; fileRef = 4C30A0012867D74000C3EA32 /* OnBoardingView.swift */; };
		4C30A0052867DA0000C3EA32 /* SettingsView.swift in Sources */ = {isa = PBXBuildFile; fileRef = 4C30A0042867DA0000C3EA32 /* SettingsView.swift */; };
		4C30A0092867DAD900C3EA32 /* CaseModel.swift in Sources */ = {isa = PBXBuildFile; fileRef = 4C30A0082867DAD900C3EA32 /* CaseModel.swift */; };
		4C30A00B2867DAF300C3EA32 /* VaccineModel.swift in Sources */ = {isa = PBXBuildFile; fileRef = 4C30A00A2867DAF300C3EA32 /* VaccineModel.swift */; };
		4C30A00E2867DBC200C3EA32 /* NetworkingManager.swift in Sources */ = {isa = PBXBuildFile; fileRef = 4C30A00D2867DBC200C3EA32 /* NetworkingManager.swift */; };
		4C30A0102868694300C3EA32 /* OnBoardingContentCell.swift in Sources */ = {isa = PBXBuildFile; fileRef = 4C30A00F2868694300C3EA32 /* OnBoardingContentCell.swift */; };
		4C30A01228686DC500C3EA32 /* MainButton.swift in Sources */ = {isa = PBXBuildFile; fileRef = 4C30A01128686DC500C3EA32 /* MainButton.swift */; };
		4C30A01528686E2300C3EA32 /* Color.swift in Sources */ = {isa = PBXBuildFile; fileRef = 4C30A01428686E2300C3EA32 /* Color.swift */; };
		4C30A0172868707600C3EA32 /* SheetTopCell.swift in Sources */ = {isa = PBXBuildFile; fileRef = 4C30A0162868707600C3EA32 /* SheetTopCell.swift */; };
		4C30A019286879EA00C3EA32 /* SheetListItem.swift in Sources */ = {isa = PBXBuildFile; fileRef = 4C30A018286879E900C3EA32 /* SheetListItem.swift */; };
		4C30A01C2868C1B600C3EA32 /* BottomSheet in Frameworks */ = {isa = PBXBuildFile; productRef = 4C30A01B2868C1B600C3EA32 /* BottomSheet */; };
		4C30A01E2868C52F00C3EA32 /* SheetHeader.swift in Sources */ = {isa = PBXBuildFile; fileRef = 4C30A01D2868C52F00C3EA32 /* SheetHeader.swift */; };
		4C30A0202868D35500C3EA32 /* SheetScrollview.swift in Sources */ = {isa = PBXBuildFile; fileRef = 4C30A01F2868D35500C3EA32 /* SheetScrollview.swift */; };
		4C30A02228696D0C00C3EA32 /* SheetBackground.swift in Sources */ = {isa = PBXBuildFile; fileRef = 4C30A02128696D0B00C3EA32 /* SheetBackground.swift */; };
		4C30A02A2869C26A00C3EA32 /* NavigationBarItem.swift in Sources */ = {isa = PBXBuildFile; fileRef = 4C30A0292869C26A00C3EA32 /* NavigationBarItem.swift */; };
		4C30A02C2869F5AC00C3EA32 /* CircleInformation.swift in Sources */ = {isa = PBXBuildFile; fileRef = 4C30A02B2869F5AC00C3EA32 /* CircleInformation.swift */; };
		4C30A038286B5E1400C3EA32 /* WidgetKit.framework in Frameworks */ = {isa = PBXBuildFile; fileRef = 4C30A037286B5E1400C3EA32 /* WidgetKit.framework */; };
		4C30A03A286B5E1400C3EA32 /* SwiftUI.framework in Frameworks */ = {isa = PBXBuildFile; fileRef = 4C30A039286B5E1400C3EA32 /* SwiftUI.framework */; };
		4C30A03D286B5E1400C3EA32 /* Aman_Covid_Tracker_Widget.swift in Sources */ = {isa = PBXBuildFile; fileRef = 4C30A03C286B5E1400C3EA32 /* Aman_Covid_Tracker_Widget.swift */; };
		4C30A03F286B5E1600C3EA32 /* Assets.xcassets in Resources */ = {isa = PBXBuildFile; fileRef = 4C30A03E286B5E1600C3EA32 /* Assets.xcassets */; };
		4C30A043286B5E1700C3EA32 /* Aman Covid Tracker WidgetExtension.appex in Embed App Extensions */ = {isa = PBXBuildFile; fileRef = 4C30A035286B5E1400C3EA32 /* Aman Covid Tracker WidgetExtension.appex */; settings = {ATTRIBUTES = (RemoveHeadersOnCopy, ); }; };
		4C30A051286CB54E00C3EA32 /* APIError.swift in Sources */ = {isa = PBXBuildFile; fileRef = 4C30A050286CB54E00C3EA32 /* APIError.swift */; };
		4C30A054286D860400C3EA32 /* SplashScreen.swift in Sources */ = {isa = PBXBuildFile; fileRef = 4C30A053286D860300C3EA32 /* SplashScreen.swift */; };
		4C30A056286D91F800C3EA32 /* Date.swift in Sources */ = {isa = PBXBuildFile; fileRef = 4C30A055286D91F800C3EA32 /* Date.swift */; };
		4C30A058286F412900C3EA32 /* UIApplication.swift in Sources */ = {isa = PBXBuildFile; fileRef = 4C30A057286F412900C3EA32 /* UIApplication.swift */; };
		4C30A05A2870953300C3EA32 /* Entry.swift in Sources */ = {isa = PBXBuildFile; fileRef = 4C30A0592870953200C3EA32 /* Entry.swift */; };
		4C30A05C2870957D00C3EA32 /* Provider.swift in Sources */ = {isa = PBXBuildFile; fileRef = 4C30A05B2870957C00C3EA32 /* Provider.swift */; };
		4C30A05E287095BA00C3EA32 /* WidgetService.swift in Sources */ = {isa = PBXBuildFile; fileRef = 4C30A05D287095BA00C3EA32 /* WidgetService.swift */; };
		4C30A0642870968C00C3EA32 /* WidgetView.swift in Sources */ = {isa = PBXBuildFile; fileRef = 4C30A0632870968C00C3EA32 /* WidgetView.swift */; };
		4C30A0662870974900C3EA32 /* SmallWidgetView.swift in Sources */ = {isa = PBXBuildFile; fileRef = 4C30A0652870974900C3EA32 /* SmallWidgetView.swift */; };
		4C30A06828709B3E00C3EA32 /* Color.swift in Sources */ = {isa = PBXBuildFile; fileRef = 4C30A06728709B3E00C3EA32 /* Color.swift */; };
		4C30A06B28709C5800C3EA32 /* MediumWidgetView.swift in Sources */ = {isa = PBXBuildFile; fileRef = 4C30A06A28709C5800C3EA32 /* MediumWidgetView.swift */; };
		4C30A06D2871F44300C3EA32 /* PreviewProvider.swift in Sources */ = {isa = PBXBuildFile; fileRef = 4C30A06C2871F44300C3EA32 /* PreviewProvider.swift */; };
		4C30A0712871FC3800C3EA32 /* Formatter.swift in Sources */ = {isa = PBXBuildFile; fileRef = 4C30A0702871FC3800C3EA32 /* Formatter.swift */; };
/* End PBXBuildFile section */

/* Begin PBXContainerItemProxy section */
		4C30A041286B5E1700C3EA32 /* PBXContainerItemProxy */ = {
			isa = PBXContainerItemProxy;
			containerPortal = 4C309FE32867D41D00C3EA32 /* Project object */;
			proxyType = 1;
			remoteGlobalIDString = 4C30A034286B5E1400C3EA32;
			remoteInfo = "Aman Covid Tracker WidgetExtension";
		};
/* End PBXContainerItemProxy section */

/* Begin PBXCopyFilesBuildPhase section */
		4C30A047286B5E1700C3EA32 /* Embed App Extensions */ = {
			isa = PBXCopyFilesBuildPhase;
			buildActionMask = 2147483647;
			dstPath = "";
			dstSubfolderSpec = 13;
			files = (
				4C30A043286B5E1700C3EA32 /* Aman Covid Tracker WidgetExtension.appex in Embed App Extensions */,
			);
			name = "Embed App Extensions";
			runOnlyForDeploymentPostprocessing = 0;
		};
/* End PBXCopyFilesBuildPhase section */

/* Begin PBXFileReference section */
		4C309FEB2867D41D00C3EA32 /* Aman: Covid Tracker.app */ = {isa = PBXFileReference; explicitFileType = wrapper.application; includeInIndex = 0; path = "Aman: Covid Tracker.app"; sourceTree = BUILT_PRODUCTS_DIR; };
		4C309FEE2867D41D00C3EA32 /* Aman_Covid_TrackerApp.swift */ = {isa = PBXFileReference; lastKnownFileType = sourcecode.swift; path = Aman_Covid_TrackerApp.swift; sourceTree = "<group>"; };
		4C309FF02867D41D00C3EA32 /* HomeView.swift */ = {isa = PBXFileReference; lastKnownFileType = sourcecode.swift; path = HomeView.swift; sourceTree = "<group>"; };
		4C309FF22867D41F00C3EA32 /* Assets.xcassets */ = {isa = PBXFileReference; lastKnownFileType = folder.assetcatalog; path = Assets.xcassets; sourceTree = "<group>"; };
		4C309FF52867D41F00C3EA32 /* Preview Assets.xcassets */ = {isa = PBXFileReference; lastKnownFileType = folder.assetcatalog; path = "Preview Assets.xcassets"; sourceTree = "<group>"; };
		4C309FFE2867D46900C3EA32 /* CovidDataViewModel.swift */ = {isa = PBXFileReference; lastKnownFileType = sourcecode.swift; path = CovidDataViewModel.swift; sourceTree = "<group>"; };
		4C30A0012867D74000C3EA32 /* OnBoardingView.swift */ = {isa = PBXFileReference; lastKnownFileType = sourcecode.swift; path = OnBoardingView.swift; sourceTree = "<group>"; };
		4C30A0042867DA0000C3EA32 /* SettingsView.swift */ = {isa = PBXFileReference; lastKnownFileType = sourcecode.swift; path = SettingsView.swift; sourceTree = "<group>"; };
		4C30A0082867DAD900C3EA32 /* CaseModel.swift */ = {isa = PBXFileReference; lastKnownFileType = sourcecode.swift; path = CaseModel.swift; sourceTree = "<group>"; };
		4C30A00A2867DAF300C3EA32 /* VaccineModel.swift */ = {isa = PBXFileReference; lastKnownFileType = sourcecode.swift; path = VaccineModel.swift; sourceTree = "<group>"; };
		4C30A00D2867DBC200C3EA32 /* NetworkingManager.swift */ = {isa = PBXFileReference; lastKnownFileType = sourcecode.swift; path = NetworkingManager.swift; sourceTree = "<group>"; };
		4C30A00F2868694300C3EA32 /* OnBoardingContentCell.swift */ = {isa = PBXFileReference; lastKnownFileType = sourcecode.swift; path = OnBoardingContentCell.swift; sourceTree = "<group>"; };
		4C30A01128686DC500C3EA32 /* MainButton.swift */ = {isa = PBXFileReference; lastKnownFileType = sourcecode.swift; path = MainButton.swift; sourceTree = "<group>"; };
		4C30A01428686E2300C3EA32 /* Color.swift */ = {isa = PBXFileReference; lastKnownFileType = sourcecode.swift; path = Color.swift; sourceTree = "<group>"; };
		4C30A0162868707600C3EA32 /* SheetTopCell.swift */ = {isa = PBXFileReference; lastKnownFileType = sourcecode.swift; path = SheetTopCell.swift; sourceTree = "<group>"; };
		4C30A018286879E900C3EA32 /* SheetListItem.swift */ = {isa = PBXFileReference; lastKnownFileType = sourcecode.swift; path = SheetListItem.swift; sourceTree = "<group>"; };
		4C30A01D2868C52F00C3EA32 /* SheetHeader.swift */ = {isa = PBXFileReference; lastKnownFileType = sourcecode.swift; path = SheetHeader.swift; sourceTree = "<group>"; };
		4C30A01F2868D35500C3EA32 /* SheetScrollview.swift */ = {isa = PBXFileReference; lastKnownFileType = sourcecode.swift; path = SheetScrollview.swift; sourceTree = "<group>"; };
		4C30A02128696D0B00C3EA32 /* SheetBackground.swift */ = {isa = PBXFileReference; lastKnownFileType = sourcecode.swift; path = SheetBackground.swift; sourceTree = "<group>"; };
		4C30A0292869C26A00C3EA32 /* NavigationBarItem.swift */ = {isa = PBXFileReference; lastKnownFileType = sourcecode.swift; path = NavigationBarItem.swift; sourceTree = "<group>"; };
		4C30A02B2869F5AC00C3EA32 /* CircleInformation.swift */ = {isa = PBXFileReference; lastKnownFileType = sourcecode.swift; path = CircleInformation.swift; sourceTree = "<group>"; };
		4C30A035286B5E1400C3EA32 /* Aman Covid Tracker WidgetExtension.appex */ = {isa = PBXFileReference; explicitFileType = "wrapper.app-extension"; includeInIndex = 0; path = "Aman Covid Tracker WidgetExtension.appex"; sourceTree = BUILT_PRODUCTS_DIR; };
		4C30A037286B5E1400C3EA32 /* WidgetKit.framework */ = {isa = PBXFileReference; lastKnownFileType = wrapper.framework; name = WidgetKit.framework; path = System/Library/Frameworks/WidgetKit.framework; sourceTree = SDKROOT; };
		4C30A039286B5E1400C3EA32 /* SwiftUI.framework */ = {isa = PBXFileReference; lastKnownFileType = wrapper.framework; name = SwiftUI.framework; path = System/Library/Frameworks/SwiftUI.framework; sourceTree = SDKROOT; };
		4C30A03C286B5E1400C3EA32 /* Aman_Covid_Tracker_Widget.swift */ = {isa = PBXFileReference; lastKnownFileType = sourcecode.swift; path = Aman_Covid_Tracker_Widget.swift; sourceTree = "<group>"; };
		4C30A03E286B5E1600C3EA32 /* Assets.xcassets */ = {isa = PBXFileReference; lastKnownFileType = folder.assetcatalog; path = Assets.xcassets; sourceTree = "<group>"; };
		4C30A040286B5E1700C3EA32 /* Info.plist */ = {isa = PBXFileReference; lastKnownFileType = text.plist.xml; path = Info.plist; sourceTree = "<group>"; };
		4C30A050286CB54E00C3EA32 /* APIError.swift */ = {isa = PBXFileReference; lastKnownFileType = sourcecode.swift; path = APIError.swift; sourceTree = "<group>"; };
		4C30A053286D860300C3EA32 /* SplashScreen.swift */ = {isa = PBXFileReference; lastKnownFileType = sourcecode.swift; path = SplashScreen.swift; sourceTree = "<group>"; };
		4C30A055286D91F800C3EA32 /* Date.swift */ = {isa = PBXFileReference; lastKnownFileType = sourcecode.swift; path = Date.swift; sourceTree = "<group>"; };
		4C30A057286F412900C3EA32 /* UIApplication.swift */ = {isa = PBXFileReference; lastKnownFileType = sourcecode.swift; path = UIApplication.swift; sourceTree = "<group>"; };
		4C30A0592870953200C3EA32 /* Entry.swift */ = {isa = PBXFileReference; lastKnownFileType = sourcecode.swift; path = Entry.swift; sourceTree = "<group>"; };
		4C30A05B2870957C00C3EA32 /* Provider.swift */ = {isa = PBXFileReference; lastKnownFileType = sourcecode.swift; path = Provider.swift; sourceTree = "<group>"; };
		4C30A05D287095BA00C3EA32 /* WidgetService.swift */ = {isa = PBXFileReference; lastKnownFileType = sourcecode.swift; path = WidgetService.swift; sourceTree = "<group>"; };
		4C30A0632870968C00C3EA32 /* WidgetView.swift */ = {isa = PBXFileReference; lastKnownFileType = sourcecode.swift; path = WidgetView.swift; sourceTree = "<group>"; };
		4C30A0652870974900C3EA32 /* SmallWidgetView.swift */ = {isa = PBXFileReference; lastKnownFileType = sourcecode.swift; path = SmallWidgetView.swift; sourceTree = "<group>"; };
		4C30A06728709B3E00C3EA32 /* Color.swift */ = {isa = PBXFileReference; lastKnownFileType = sourcecode.swift; path = Color.swift; sourceTree = "<group>"; };
		4C30A06A28709C5800C3EA32 /* MediumWidgetView.swift */ = {isa = PBXFileReference; lastKnownFileType = sourcecode.swift; path = MediumWidgetView.swift; sourceTree = "<group>"; };
		4C30A06C2871F44300C3EA32 /* PreviewProvider.swift */ = {isa = PBXFileReference; lastKnownFileType = sourcecode.swift; path = PreviewProvider.swift; sourceTree = "<group>"; };
		4C30A0702871FC3800C3EA32 /* Formatter.swift */ = {isa = PBXFileReference; lastKnownFileType = sourcecode.swift; path = Formatter.swift; sourceTree = "<group>"; };
/* End PBXFileReference section */

/* Begin PBXFrameworksBuildPhase section */
		4C309FE82867D41D00C3EA32 /* Frameworks */ = {
			isa = PBXFrameworksBuildPhase;
			buildActionMask = 2147483647;
			files = (
				4C30A01C2868C1B600C3EA32 /* BottomSheet in Frameworks */,
			);
			runOnlyForDeploymentPostprocessing = 0;
		};
		4C30A032286B5E1400C3EA32 /* Frameworks */ = {
			isa = PBXFrameworksBuildPhase;
			buildActionMask = 2147483647;
			files = (
				4C30A03A286B5E1400C3EA32 /* SwiftUI.framework in Frameworks */,
				4C30A038286B5E1400C3EA32 /* WidgetKit.framework in Frameworks */,
			);
			runOnlyForDeploymentPostprocessing = 0;
		};
/* End PBXFrameworksBuildPhase section */

/* Begin PBXGroup section */
		4C309FE22867D41D00C3EA32 = {
			isa = PBXGroup;
			children = (
				4C309FED2867D41D00C3EA32 /* Aman Covid Tracker */,
				4C30A03B286B5E1400C3EA32 /* Aman Covid Tracker Widget */,
				4C30A036286B5E1400C3EA32 /* Frameworks */,
				4C309FEC2867D41D00C3EA32 /* Products */,
			);
			sourceTree = "<group>";
		};
		4C309FEC2867D41D00C3EA32 /* Products */ = {
			isa = PBXGroup;
			children = (
				4C309FEB2867D41D00C3EA32 /* Aman: Covid Tracker.app */,
				4C30A035286B5E1400C3EA32 /* Aman Covid Tracker WidgetExtension.appex */,
			);
			name = Products;
			sourceTree = "<group>";
		};
		4C309FED2867D41D00C3EA32 /* Aman Covid Tracker */ = {
			isa = PBXGroup;
			children = (
				4C309FEE2867D41D00C3EA32 /* Aman_Covid_TrackerApp.swift */,
				4C309FFC2867D43200C3EA32 /* Views */,
				4C30A0072867DA9800C3EA32 /* Data */,
				4C30A0062867DA7C00C3EA32 /* Utilities */,
				4C309FF22867D41F00C3EA32 /* Assets.xcassets */,
				4C309FF42867D41F00C3EA32 /* Preview Content */,
			);
			path = "Aman Covid Tracker";
			sourceTree = "<group>";
		};
		4C309FF42867D41F00C3EA32 /* Preview Content */ = {
			isa = PBXGroup;
			children = (
				4C309FF52867D41F00C3EA32 /* Preview Assets.xcassets */,
			);
			path = "Preview Content";
			sourceTree = "<group>";
		};
		4C309FFC2867D43200C3EA32 /* Views */ = {
			isa = PBXGroup;
			children = (
				4C30A06F2871F7E600C3EA32 /* Main */,
				4C30A0032867D74C00C3EA32 /* Components */,
			);
			path = Views;
			sourceTree = "<group>";
		};
		4C309FFD2867D43900C3EA32 /* View Model */ = {
			isa = PBXGroup;
			children = (
				4C309FFE2867D46900C3EA32 /* CovidDataViewModel.swift */,
			);
			path = "View Model";
			sourceTree = "<group>";
		};
		4C30A0002867D5BC00C3EA32 /* Models */ = {
			isa = PBXGroup;
			children = (
				4C30A0082867DAD900C3EA32 /* CaseModel.swift */,
				4C30A00A2867DAF300C3EA32 /* VaccineModel.swift */,
			);
			path = Models;
			sourceTree = "<group>";
		};
		4C30A0032867D74C00C3EA32 /* Components */ = {
			isa = PBXGroup;
			children = (
				4C30A052286D85E100C3EA32 /* Splash Screen */,
				4C30A02428696D3100C3EA32 /* On Boarding */,
				4C30A025286982D900C3EA32 /* Circle Information */,
				4C30A02328696D2200C3EA32 /* Sheets */,
				4C30A01128686DC500C3EA32 /* MainButton.swift */,
				4C30A0292869C26A00C3EA32 /* NavigationBarItem.swift */,
			);
			path = Components;
			sourceTree = "<group>";
		};
		4C30A0062867DA7C00C3EA32 /* Utilities */ = {
			isa = PBXGroup;
			children = (
				4C30A06E2871F7C200C3EA32 /* Errors */,
				4C30A01328686E1200C3EA32 /* Extensions */,
			);
			path = Utilities;
			sourceTree = "<group>";
		};
		4C30A0072867DA9800C3EA32 /* Data */ = {
			isa = PBXGroup;
			children = (
				4C30A00C2867DBA900C3EA32 /* Services */,
				4C30A0002867D5BC00C3EA32 /* Models */,
				4C309FFD2867D43900C3EA32 /* View Model */,
			);
			path = Data;
			sourceTree = "<group>";
		};
		4C30A00C2867DBA900C3EA32 /* Services */ = {
			isa = PBXGroup;
			children = (
				4C30A00D2867DBC200C3EA32 /* NetworkingManager.swift */,
			);
			path = Services;
			sourceTree = "<group>";
		};
		4C30A01328686E1200C3EA32 /* Extensions */ = {
			isa = PBXGroup;
			children = (
				4C30A01428686E2300C3EA32 /* Color.swift */,
				4C30A055286D91F800C3EA32 /* Date.swift */,
				4C30A0702871FC3800C3EA32 /* Formatter.swift */,
				4C30A057286F412900C3EA32 /* UIApplication.swift */,
				4C30A06C2871F44300C3EA32 /* PreviewProvider.swift */,
			);
			path = Extensions;
			sourceTree = "<group>";
		};
		4C30A02328696D2200C3EA32 /* Sheets */ = {
			isa = PBXGroup;
			children = (
				4C30A01F2868D35500C3EA32 /* SheetScrollview.swift */,
				4C30A0162868707600C3EA32 /* SheetTopCell.swift */,
				4C30A018286879E900C3EA32 /* SheetListItem.swift */,
				4C30A01D2868C52F00C3EA32 /* SheetHeader.swift */,
				4C30A02128696D0B00C3EA32 /* SheetBackground.swift */,
			);
			path = Sheets;
			sourceTree = "<group>";
		};
		4C30A02428696D3100C3EA32 /* On Boarding */ = {
			isa = PBXGroup;
			children = (
				4C30A00F2868694300C3EA32 /* OnBoardingContentCell.swift */,
			);
			path = "On Boarding";
			sourceTree = "<group>";
		};
		4C30A025286982D900C3EA32 /* Circle Information */ = {
			isa = PBXGroup;
			children = (
				4C30A02B2869F5AC00C3EA32 /* CircleInformation.swift */,
			);
			path = "Circle Information";
			sourceTree = "<group>";
		};
		4C30A036286B5E1400C3EA32 /* Frameworks */ = {
			isa = PBXGroup;
			children = (
				4C30A037286B5E1400C3EA32 /* WidgetKit.framework */,
				4C30A039286B5E1400C3EA32 /* SwiftUI.framework */,
			);
			name = Frameworks;
			sourceTree = "<group>";
		};
		4C30A03B286B5E1400C3EA32 /* Aman Covid Tracker Widget */ = {
			isa = PBXGroup;
			children = (
				4C30A03C286B5E1400C3EA32 /* Aman_Covid_Tracker_Widget.swift */,
				4C30A0612870962800C3EA32 /* Views */,
				4C30A0622870964300C3EA32 /* Data */,
				4C30A06928709B4400C3EA32 /* Utilities */,
				4C30A03E286B5E1600C3EA32 /* Assets.xcassets */,
				4C30A040286B5E1700C3EA32 /* Info.plist */,
			);
			path = "Aman Covid Tracker Widget";
			sourceTree = "<group>";
		};
		4C30A052286D85E100C3EA32 /* Splash Screen */ = {
			isa = PBXGroup;
			children = (
				4C30A053286D860300C3EA32 /* SplashScreen.swift */,
			);
			path = "Splash Screen";
			sourceTree = "<group>";
		};
		4C30A0612870962800C3EA32 /* Views */ = {
			isa = PBXGroup;
			children = (
				4C30A0632870968C00C3EA32 /* WidgetView.swift */,
				4C30A0652870974900C3EA32 /* SmallWidgetView.swift */,
				4C30A06A28709C5800C3EA32 /* MediumWidgetView.swift */,
			);
			path = Views;
			sourceTree = "<group>";
		};
		4C30A0622870964300C3EA32 /* Data */ = {
			isa = PBXGroup;
			children = (
				4C30A05B2870957C00C3EA32 /* Provider.swift */,
				4C30A0592870953200C3EA32 /* Entry.swift */,
				4C30A05D287095BA00C3EA32 /* WidgetService.swift */,
			);
			path = Data;
			sourceTree = "<group>";
		};
		4C30A06928709B4400C3EA32 /* Utilities */ = {
			isa = PBXGroup;
			children = (
				4C30A06728709B3E00C3EA32 /* Color.swift */,
			);
			path = Utilities;
			sourceTree = "<group>";
		};
		4C30A06E2871F7C200C3EA32 /* Errors */ = {
			isa = PBXGroup;
			children = (
				4C30A050286CB54E00C3EA32 /* APIError.swift */,
			);
			path = Errors;
			sourceTree = "<group>";
		};
		4C30A06F2871F7E600C3EA32 /* Main */ = {
			isa = PBXGroup;
			children = (
				4C309FF02867D41D00C3EA32 /* HomeView.swift */,
				4C30A0012867D74000C3EA32 /* OnBoardingView.swift */,
				4C30A0042867DA0000C3EA32 /* SettingsView.swift */,
			);
			path = Main;
			sourceTree = "<group>";
		};
/* End PBXGroup section */

/* Begin PBXNativeTarget section */
		4C309FEA2867D41D00C3EA32 /* Aman Covid Tracker */ = {
			isa = PBXNativeTarget;
			buildConfigurationList = 4C309FF92867D41F00C3EA32 /* Build configuration list for PBXNativeTarget "Aman Covid Tracker" */;
			buildPhases = (
				4C309FE72867D41D00C3EA32 /* Sources */,
				4C309FE82867D41D00C3EA32 /* Frameworks */,
				4C309FE92867D41D00C3EA32 /* Resources */,
				4C30A047286B5E1700C3EA32 /* Embed App Extensions */,
			);
			buildRules = (
			);
			dependencies = (
				4C30A042286B5E1700C3EA32 /* PBXTargetDependency */,
			);
			name = "Aman Covid Tracker";
			packageProductDependencies = (
				4C30A01B2868C1B600C3EA32 /* BottomSheet */,
			);
			productName = "Aman Covid Tracker";
			productReference = 4C309FEB2867D41D00C3EA32 /* Aman: Covid Tracker.app */;
			productType = "com.apple.product-type.application";
		};
		4C30A034286B5E1400C3EA32 /* Aman Covid Tracker WidgetExtension */ = {
			isa = PBXNativeTarget;
			buildConfigurationList = 4C30A044286B5E1700C3EA32 /* Build configuration list for PBXNativeTarget "Aman Covid Tracker WidgetExtension" */;
			buildPhases = (
				4C30A031286B5E1400C3EA32 /* Sources */,
				4C30A032286B5E1400C3EA32 /* Frameworks */,
				4C30A033286B5E1400C3EA32 /* Resources */,
			);
			buildRules = (
			);
			dependencies = (
			);
			name = "Aman Covid Tracker WidgetExtension";
			productName = "Aman Covid Tracker WidgetExtension";
			productReference = 4C30A035286B5E1400C3EA32 /* Aman Covid Tracker WidgetExtension.appex */;
			productType = "com.apple.product-type.app-extension";
		};
/* End PBXNativeTarget section */

/* Begin PBXProject section */
		4C309FE32867D41D00C3EA32 /* Project object */ = {
			isa = PBXProject;
			attributes = {
				BuildIndependentTargetsInParallel = 1;
				LastSwiftUpdateCheck = 1340;
				LastUpgradeCheck = 1340;
				TargetAttributes = {
					4C309FEA2867D41D00C3EA32 = {
						CreatedOnToolsVersion = 13.4.1;
					};
					4C30A034286B5E1400C3EA32 = {
						CreatedOnToolsVersion = 13.4.1;
					};
				};
			};
			buildConfigurationList = 4C309FE62867D41D00C3EA32 /* Build configuration list for PBXProject "Aman Covid Tracker" */;
			compatibilityVersion = "Xcode 13.0";
			developmentRegion = en;
			hasScannedForEncodings = 0;
			knownRegions = (
				en,
				Base,
			);
			mainGroup = 4C309FE22867D41D00C3EA32;
			packageReferences = (
				4C30A01A2868C1B600C3EA32 /* XCRemoteSwiftPackageReference "BottomSheet" */,
			);
			productRefGroup = 4C309FEC2867D41D00C3EA32 /* Products */;
			projectDirPath = "";
			projectRoot = "";
			targets = (
				4C309FEA2867D41D00C3EA32 /* Aman Covid Tracker */,
				4C30A034286B5E1400C3EA32 /* Aman Covid Tracker WidgetExtension */,
			);
		};
/* End PBXProject section */

/* Begin PBXResourcesBuildPhase section */
		4C309FE92867D41D00C3EA32 /* Resources */ = {
			isa = PBXResourcesBuildPhase;
			buildActionMask = 2147483647;
			files = (
				4C309FF62867D41F00C3EA32 /* Preview Assets.xcassets in Resources */,
				4C309FF32867D41F00C3EA32 /* Assets.xcassets in Resources */,
			);
			runOnlyForDeploymentPostprocessing = 0;
		};
		4C30A033286B5E1400C3EA32 /* Resources */ = {
			isa = PBXResourcesBuildPhase;
			buildActionMask = 2147483647;
			files = (
				4C30A03F286B5E1600C3EA32 /* Assets.xcassets in Resources */,
			);
			runOnlyForDeploymentPostprocessing = 0;
		};
/* End PBXResourcesBuildPhase section */

/* Begin PBXSourcesBuildPhase section */
		4C309FE72867D41D00C3EA32 /* Sources */ = {
			isa = PBXSourcesBuildPhase;
			buildActionMask = 2147483647;
			files = (
				4C30A06D2871F44300C3EA32 /* PreviewProvider.swift in Sources */,
				4C30A054286D860400C3EA32 /* SplashScreen.swift in Sources */,
				4C30A01E2868C52F00C3EA32 /* SheetHeader.swift in Sources */,
				4C30A0102868694300C3EA32 /* OnBoardingContentCell.swift in Sources */,
				4C30A0052867DA0000C3EA32 /* SettingsView.swift in Sources */,
				4C309FF12867D41D00C3EA32 /* HomeView.swift in Sources */,
				4C30A0712871FC3800C3EA32 /* Formatter.swift in Sources */,
				4C30A0202868D35500C3EA32 /* SheetScrollview.swift in Sources */,
				4C30A0022867D74000C3EA32 /* OnBoardingView.swift in Sources */,
				4C30A01228686DC500C3EA32 /* MainButton.swift in Sources */,
				4C30A0092867DAD900C3EA32 /* CaseModel.swift in Sources */,
				4C30A051286CB54E00C3EA32 /* APIError.swift in Sources */,
				4C30A02C2869F5AC00C3EA32 /* CircleInformation.swift in Sources */,
				4C30A00B2867DAF300C3EA32 /* VaccineModel.swift in Sources */,
				4C30A02228696D0C00C3EA32 /* SheetBackground.swift in Sources */,
				4C30A00E2867DBC200C3EA32 /* NetworkingManager.swift in Sources */,
				4C30A058286F412900C3EA32 /* UIApplication.swift in Sources */,
				4C30A02A2869C26A00C3EA32 /* NavigationBarItem.swift in Sources */,
				4C30A0172868707600C3EA32 /* SheetTopCell.swift in Sources */,
				4C30A056286D91F800C3EA32 /* Date.swift in Sources */,
				4C309FEF2867D41D00C3EA32 /* Aman_Covid_TrackerApp.swift in Sources */,
				4C30A019286879EA00C3EA32 /* SheetListItem.swift in Sources */,
				4C30A01528686E2300C3EA32 /* Color.swift in Sources */,
				4C309FFF2867D46900C3EA32 /* CovidDataViewModel.swift in Sources */,
			);
			runOnlyForDeploymentPostprocessing = 0;
		};
		4C30A031286B5E1400C3EA32 /* Sources */ = {
			isa = PBXSourcesBuildPhase;
			buildActionMask = 2147483647;
			files = (
				4C30A05A2870953300C3EA32 /* Entry.swift in Sources */,
				4C30A06B28709C5800C3EA32 /* MediumWidgetView.swift in Sources */,
				4C30A05C2870957D00C3EA32 /* Provider.swift in Sources */,
				4C30A06828709B3E00C3EA32 /* Color.swift in Sources */,
				4C30A03D286B5E1400C3EA32 /* Aman_Covid_Tracker_Widget.swift in Sources */,
				4C30A05E287095BA00C3EA32 /* WidgetService.swift in Sources */,
				4C30A0662870974900C3EA32 /* SmallWidgetView.swift in Sources */,
				4C30A0642870968C00C3EA32 /* WidgetView.swift in Sources */,
			);
			runOnlyForDeploymentPostprocessing = 0;
		};
/* End PBXSourcesBuildPhase section */

/* Begin PBXTargetDependency section */
		4C30A042286B5E1700C3EA32 /* PBXTargetDependency */ = {
			isa = PBXTargetDependency;
			target = 4C30A034286B5E1400C3EA32 /* Aman Covid Tracker WidgetExtension */;
			targetProxy = 4C30A041286B5E1700C3EA32 /* PBXContainerItemProxy */;
		};
/* End PBXTargetDependency section */

/* Begin XCBuildConfiguration section */
		4C309FF72867D41F00C3EA32 /* Debug */ = {
			isa = XCBuildConfiguration;
			buildSettings = {
				ALWAYS_SEARCH_USER_PATHS = NO;
				CLANG_ANALYZER_NONNULL = YES;
				CLANG_ANALYZER_NUMBER_OBJECT_CONVERSION = YES_AGGRESSIVE;
				CLANG_CXX_LANGUAGE_STANDARD = "gnu++17";
				CLANG_ENABLE_MODULES = YES;
				CLANG_ENABLE_OBJC_ARC = YES;
				CLANG_ENABLE_OBJC_WEAK = YES;
				CLANG_WARN_BLOCK_CAPTURE_AUTORELEASING = YES;
				CLANG_WARN_BOOL_CONVERSION = YES;
				CLANG_WARN_COMMA = YES;
				CLANG_WARN_CONSTANT_CONVERSION = YES;
				CLANG_WARN_DEPRECATED_OBJC_IMPLEMENTATIONS = YES;
				CLANG_WARN_DIRECT_OBJC_ISA_USAGE = YES_ERROR;
				CLANG_WARN_DOCUMENTATION_COMMENTS = YES;
				CLANG_WARN_EMPTY_BODY = YES;
				CLANG_WARN_ENUM_CONVERSION = YES;
				CLANG_WARN_INFINITE_RECURSION = YES;
				CLANG_WARN_INT_CONVERSION = YES;
				CLANG_WARN_NON_LITERAL_NULL_CONVERSION = YES;
				CLANG_WARN_OBJC_IMPLICIT_RETAIN_SELF = YES;
				CLANG_WARN_OBJC_LITERAL_CONVERSION = YES;
				CLANG_WARN_OBJC_ROOT_CLASS = YES_ERROR;
				CLANG_WARN_QUOTED_INCLUDE_IN_FRAMEWORK_HEADER = YES;
				CLANG_WARN_RANGE_LOOP_ANALYSIS = YES;
				CLANG_WARN_STRICT_PROTOTYPES = YES;
				CLANG_WARN_SUSPICIOUS_MOVE = YES;
				CLANG_WARN_UNGUARDED_AVAILABILITY = YES_AGGRESSIVE;
				CLANG_WARN_UNREACHABLE_CODE = YES;
				CLANG_WARN__DUPLICATE_METHOD_MATCH = YES;
				COPY_PHASE_STRIP = NO;
				DEBUG_INFORMATION_FORMAT = dwarf;
				ENABLE_STRICT_OBJC_MSGSEND = YES;
				ENABLE_TESTABILITY = YES;
				GCC_C_LANGUAGE_STANDARD = gnu11;
				GCC_DYNAMIC_NO_PIC = NO;
				GCC_NO_COMMON_BLOCKS = YES;
				GCC_OPTIMIZATION_LEVEL = 0;
				GCC_PREPROCESSOR_DEFINITIONS = (
					"DEBUG=1",
					"$(inherited)",
				);
				GCC_WARN_64_TO_32_BIT_CONVERSION = YES;
				GCC_WARN_ABOUT_RETURN_TYPE = YES_ERROR;
				GCC_WARN_UNDECLARED_SELECTOR = YES;
				GCC_WARN_UNINITIALIZED_AUTOS = YES_AGGRESSIVE;
				GCC_WARN_UNUSED_FUNCTION = YES;
				GCC_WARN_UNUSED_VARIABLE = YES;
				IPHONEOS_DEPLOYMENT_TARGET = 15.5;
				MTL_ENABLE_DEBUG_INFO = INCLUDE_SOURCE;
				MTL_FAST_MATH = YES;
				ONLY_ACTIVE_ARCH = YES;
				SDKROOT = iphoneos;
				SWIFT_ACTIVE_COMPILATION_CONDITIONS = DEBUG;
				SWIFT_OPTIMIZATION_LEVEL = "-Onone";
			};
			name = Debug;
		};
		4C309FF82867D41F00C3EA32 /* Release */ = {
			isa = XCBuildConfiguration;
			buildSettings = {
				ALWAYS_SEARCH_USER_PATHS = NO;
				CLANG_ANALYZER_NONNULL = YES;
				CLANG_ANALYZER_NUMBER_OBJECT_CONVERSION = YES_AGGRESSIVE;
				CLANG_CXX_LANGUAGE_STANDARD = "gnu++17";
				CLANG_ENABLE_MODULES = YES;
				CLANG_ENABLE_OBJC_ARC = YES;
				CLANG_ENABLE_OBJC_WEAK = YES;
				CLANG_WARN_BLOCK_CAPTURE_AUTORELEASING = YES;
				CLANG_WARN_BOOL_CONVERSION = YES;
				CLANG_WARN_COMMA = YES;
				CLANG_WARN_CONSTANT_CONVERSION = YES;
				CLANG_WARN_DEPRECATED_OBJC_IMPLEMENTATIONS = YES;
				CLANG_WARN_DIRECT_OBJC_ISA_USAGE = YES_ERROR;
				CLANG_WARN_DOCUMENTATION_COMMENTS = YES;
				CLANG_WARN_EMPTY_BODY = YES;
				CLANG_WARN_ENUM_CONVERSION = YES;
				CLANG_WARN_INFINITE_RECURSION = YES;
				CLANG_WARN_INT_CONVERSION = YES;
				CLANG_WARN_NON_LITERAL_NULL_CONVERSION = YES;
				CLANG_WARN_OBJC_IMPLICIT_RETAIN_SELF = YES;
				CLANG_WARN_OBJC_LITERAL_CONVERSION = YES;
				CLANG_WARN_OBJC_ROOT_CLASS = YES_ERROR;
				CLANG_WARN_QUOTED_INCLUDE_IN_FRAMEWORK_HEADER = YES;
				CLANG_WARN_RANGE_LOOP_ANALYSIS = YES;
				CLANG_WARN_STRICT_PROTOTYPES = YES;
				CLANG_WARN_SUSPICIOUS_MOVE = YES;
				CLANG_WARN_UNGUARDED_AVAILABILITY = YES_AGGRESSIVE;
				CLANG_WARN_UNREACHABLE_CODE = YES;
				CLANG_WARN__DUPLICATE_METHOD_MATCH = YES;
				COPY_PHASE_STRIP = NO;
				DEBUG_INFORMATION_FORMAT = "dwarf-with-dsym";
				ENABLE_NS_ASSERTIONS = NO;
				ENABLE_STRICT_OBJC_MSGSEND = YES;
				GCC_C_LANGUAGE_STANDARD = gnu11;
				GCC_NO_COMMON_BLOCKS = YES;
				GCC_WARN_64_TO_32_BIT_CONVERSION = YES;
				GCC_WARN_ABOUT_RETURN_TYPE = YES_ERROR;
				GCC_WARN_UNDECLARED_SELECTOR = YES;
				GCC_WARN_UNINITIALIZED_AUTOS = YES_AGGRESSIVE;
				GCC_WARN_UNUSED_FUNCTION = YES;
				GCC_WARN_UNUSED_VARIABLE = YES;
				IPHONEOS_DEPLOYMENT_TARGET = 15.5;
				MTL_ENABLE_DEBUG_INFO = NO;
				MTL_FAST_MATH = YES;
				SDKROOT = iphoneos;
				SWIFT_COMPILATION_MODE = wholemodule;
				SWIFT_OPTIMIZATION_LEVEL = "-O";
				VALIDATE_PRODUCT = YES;
			};
			name = Release;
		};
		4C309FFA2867D41F00C3EA32 /* Debug */ = {
			isa = XCBuildConfiguration;
			buildSettings = {
				ALWAYS_EMBED_SWIFT_STANDARD_LIBRARIES = YES;
				ASSETCATALOG_COMPILER_APPICON_NAME = AppIcon;
				ASSETCATALOG_COMPILER_GLOBAL_ACCENT_COLOR_NAME = AccentColor;
				CODE_SIGN_STYLE = Automatic;
				CURRENT_PROJECT_VERSION = 1;
				DEVELOPMENT_ASSET_PATHS = "\"Aman Covid Tracker/Preview Content\"";
				DEVELOPMENT_TEAM = KYXA735EC5;
				ENABLE_PREVIEWS = YES;
				GENERATE_INFOPLIST_FILE = YES;
				INFOPLIST_KEY_UIApplicationSceneManifest_Generation = YES;
				INFOPLIST_KEY_UIApplicationSupportsIndirectInputEvents = YES;
				INFOPLIST_KEY_UILaunchScreen_Generation = YES;
				INFOPLIST_KEY_UISupportedInterfaceOrientations = UIInterfaceOrientationPortrait;
				INFOPLIST_KEY_UISupportedInterfaceOrientations_iPad = "UIInterfaceOrientationPortrait UIInterfaceOrientationPortraitUpsideDown UIInterfaceOrientationLandscapeLeft UIInterfaceOrientationLandscapeRight";
				INFOPLIST_KEY_UISupportedInterfaceOrientations_iPhone = "UIInterfaceOrientationPortrait UIInterfaceOrientationLandscapeLeft UIInterfaceOrientationLandscapeRight";
				IPHONEOS_DEPLOYMENT_TARGET = 14.0;
				LD_RUNPATH_SEARCH_PATHS = (
					"$(inherited)",
					"@executable_path/Frameworks",
				);
				MARKETING_VERSION = 0.1;
				PRODUCT_BUNDLE_IDENTIFIER = "app.mikecaesario.Aman-Covid-Tracker";
				PRODUCT_NAME = "Aman: Covid Tracker";
				SWIFT_EMIT_LOC_STRINGS = YES;
				SWIFT_VERSION = 5.0;
				TARGETED_DEVICE_FAMILY = 1;
			};
			name = Debug;
		};
		4C309FFB2867D41F00C3EA32 /* Release */ = {
			isa = XCBuildConfiguration;
			buildSettings = {
				ALWAYS_EMBED_SWIFT_STANDARD_LIBRARIES = YES;
				ASSETCATALOG_COMPILER_APPICON_NAME = AppIcon;
				ASSETCATALOG_COMPILER_GLOBAL_ACCENT_COLOR_NAME = AccentColor;
				CODE_SIGN_STYLE = Automatic;
				CURRENT_PROJECT_VERSION = 1;
				DEVELOPMENT_ASSET_PATHS = "\"Aman Covid Tracker/Preview Content\"";
				DEVELOPMENT_TEAM = KYXA735EC5;
				ENABLE_PREVIEWS = YES;
				GENERATE_INFOPLIST_FILE = YES;
				INFOPLIST_KEY_UIApplicationSceneManifest_Generation = YES;
				INFOPLIST_KEY_UIApplicationSupportsIndirectInputEvents = YES;
				INFOPLIST_KEY_UILaunchScreen_Generation = YES;
				INFOPLIST_KEY_UISupportedInterfaceOrientations = UIInterfaceOrientationPortrait;
				INFOPLIST_KEY_UISupportedInterfaceOrientations_iPad = "UIInterfaceOrientationPortrait UIInterfaceOrientationPortraitUpsideDown UIInterfaceOrientationLandscapeLeft UIInterfaceOrientationLandscapeRight";
				INFOPLIST_KEY_UISupportedInterfaceOrientations_iPhone = "UIInterfaceOrientationPortrait UIInterfaceOrientationLandscapeLeft UIInterfaceOrientationLandscapeRight";
				IPHONEOS_DEPLOYMENT_TARGET = 14.0;
				LD_RUNPATH_SEARCH_PATHS = (
					"$(inherited)",
					"@executable_path/Frameworks",
				);
				MARKETING_VERSION = 0.1;
				PRODUCT_BUNDLE_IDENTIFIER = "app.mikecaesario.Aman-Covid-Tracker";
				PRODUCT_NAME = "Aman: Covid Tracker";
				SWIFT_EMIT_LOC_STRINGS = YES;
				SWIFT_VERSION = 5.0;
				TARGETED_DEVICE_FAMILY = 1;
			};
			name = Release;
		};
		4C30A045286B5E1700C3EA32 /* Debug */ = {
			isa = XCBuildConfiguration;
			buildSettings = {
				ASSETCATALOG_COMPILER_GLOBAL_ACCENT_COLOR_NAME = AccentColor;
				ASSETCATALOG_COMPILER_WIDGET_BACKGROUND_COLOR_NAME = WidgetBackground;
				CODE_SIGN_STYLE = Automatic;
				CURRENT_PROJECT_VERSION = 1;
				DEVELOPMENT_TEAM = KYXA735EC5;
				GENERATE_INFOPLIST_FILE = YES;
				INFOPLIST_FILE = "Aman Covid Tracker Widget/Info.plist";
				INFOPLIST_KEY_CFBundleDisplayName = "Aman Covid Tracker Widget";
				INFOPLIST_KEY_NSHumanReadableCopyright = "";
				LD_RUNPATH_SEARCH_PATHS = (
					"$(inherited)",
					"@executable_path/Frameworks",
					"@executable_path/../../Frameworks",
				);
				MARKETING_VERSION = 1.0;
				PRODUCT_BUNDLE_IDENTIFIER = "app.mikecaesario.Aman-Covid-Tracker.Aman-Covid-Tracker-Widget";
				PRODUCT_NAME = "$(TARGET_NAME)";
				SKIP_INSTALL = YES;
				SWIFT_EMIT_LOC_STRINGS = YES;
				SWIFT_VERSION = 5.0;
				TARGETED_DEVICE_FAMILY = "1,2";
			};
			name = Debug;
		};
		4C30A046286B5E1700C3EA32 /* Release */ = {
			isa = XCBuildConfiguration;
			buildSettings = {
				ASSETCATALOG_COMPILER_GLOBAL_ACCENT_COLOR_NAME = AccentColor;
				ASSETCATALOG_COMPILER_WIDGET_BACKGROUND_COLOR_NAME = WidgetBackground;
				CODE_SIGN_STYLE = Automatic;
				CURRENT_PROJECT_VERSION = 1;
				DEVELOPMENT_TEAM = KYXA735EC5;
				GENERATE_INFOPLIST_FILE = YES;
				INFOPLIST_FILE = "Aman Covid Tracker Widget/Info.plist";
				INFOPLIST_KEY_CFBundleDisplayName = "Aman Covid Tracker Widget";
				INFOPLIST_KEY_NSHumanReadableCopyright = "";
				LD_RUNPATH_SEARCH_PATHS = (
					"$(inherited)",
					"@executable_path/Frameworks",
					"@executable_path/../../Frameworks",
				);
				MARKETING_VERSION = 1.0;
				PRODUCT_BUNDLE_IDENTIFIER = "app.mikecaesario.Aman-Covid-Tracker.Aman-Covid-Tracker-Widget";
				PRODUCT_NAME = "$(TARGET_NAME)";
				SKIP_INSTALL = YES;
				SWIFT_EMIT_LOC_STRINGS = YES;
				SWIFT_VERSION = 5.0;
				TARGETED_DEVICE_FAMILY = "1,2";
			};
			name = Release;
		};
/* End XCBuildConfiguration section */

/* Begin XCConfigurationList section */
		4C309FE62867D41D00C3EA32 /* Build configuration list for PBXProject "Aman Covid Tracker" */ = {
			isa = XCConfigurationList;
			buildConfigurations = (
				4C309FF72867D41F00C3EA32 /* Debug */,
				4C309FF82867D41F00C3EA32 /* Release */,
			);
			defaultConfigurationIsVisible = 0;
			defaultConfigurationName = Release;
		};
		4C309FF92867D41F00C3EA32 /* Build configuration list for PBXNativeTarget "Aman Covid Tracker" */ = {
			isa = XCConfigurationList;
			buildConfigurations = (
				4C309FFA2867D41F00C3EA32 /* Debug */,
				4C309FFB2867D41F00C3EA32 /* Release */,
			);
			defaultConfigurationIsVisible = 0;
			defaultConfigurationName = Release;
		};
		4C30A044286B5E1700C3EA32 /* Build configuration list for PBXNativeTarget "Aman Covid Tracker WidgetExtension" */ = {
			isa = XCConfigurationList;
			buildConfigurations = (
				4C30A045286B5E1700C3EA32 /* Debug */,
				4C30A046286B5E1700C3EA32 /* Release */,
			);
			defaultConfigurationIsVisible = 0;
			defaultConfigurationName = Release;
		};
/* End XCConfigurationList section */

/* Begin XCRemoteSwiftPackageReference section */
		4C30A01A2868C1B600C3EA32 /* XCRemoteSwiftPackageReference "BottomSheet" */ = {
			isa = XCRemoteSwiftPackageReference;
			repositoryURL = "https://github.com/LucasMucGH/BottomSheet";
			requirement = {
				branch = main;
				kind = branch;
			};
		};
/* End XCRemoteSwiftPackageReference section */

/* Begin XCSwiftPackageProductDependency section */
		4C30A01B2868C1B600C3EA32 /* BottomSheet */ = {
			isa = XCSwiftPackageProductDependency;
			package = 4C30A01A2868C1B600C3EA32 /* XCRemoteSwiftPackageReference "BottomSheet" */;
			productName = BottomSheet;
		};
/* End XCSwiftPackageProductDependency section */
	};
	rootObject = 4C309FE32867D41D00C3EA32 /* Project object */;
}
